<?xml version="1.0" encoding="utf-8"?>
<Project ToolsVersion="4.0" xmlns="http://schemas.microsoft.com/developer/msbuild/2003">
  <ItemGroup>
    <Filter Include="Source Files">
      <UniqueIdentifier>{4FC737F1-C7A5-4376-A066-2A32D752A2FF}</UniqueIdentifier>
      <Extensions>cpp;c;cc;cxx;def;odl;idl;hpj;bat;asm;asmx</Extensions>
    </Filter>
    <Filter Include="Header Files">
      <UniqueIdentifier>{93995380-89BD-4b04-88EB-625FBE52EBFB}</UniqueIdentifier>
      <Extensions>h;hpp;hxx;hm;inl;inc;xsd</Extensions>
    </Filter>
    <Filter Include="Resource Files">
      <UniqueIdentifier>{67DA6AB6-F800-4c08-8B7A-83BB121AAD01}</UniqueIdentifier>
      <Extensions>rc;ico;cur;bmp;dlg;rc2;rct;bin;rgs;gif;jpg;jpeg;jpe;resx;tiff;tif;png;wav</Extensions>
    </Filter>
    <Filter Include="Source Files\leap">
      <UniqueIdentifier>{8e71bb9f-51c8-4dc8-beb9-57fdffafd13c}</UniqueIdentifier>
    </Filter>
    <Filter Include="blocks">
      <UniqueIdentifier>{612c9d2d-72db-4114-b8a3-2953ae14901d}</UniqueIdentifier>
    </Filter>
    <Filter Include="blocks\Leap-Motion">
      <UniqueIdentifier>{a4c87452-5d30-42a5-9055-f351b608dc0a}</UniqueIdentifier>
    </Filter>
    <Filter Include="Source Files\virtualKeyboard">
      <UniqueIdentifier>{681e1eac-dffc-4e56-8627-c8d5c70b9a0f}</UniqueIdentifier>
    </Filter>
    <Filter Include="Source Files\buttons">
      <UniqueIdentifier>{b7f2a820-cf10-42c5-8456-a029a2bcb5ef}</UniqueIdentifier>
    </Filter>
    <Filter Include="Source Files\leap\gesture">
      <UniqueIdentifier>{8c35d375-e7ec-4d44-aa09-281d26121c13}</UniqueIdentifier>
    </Filter>
    <Filter Include="Source Files\utils">
      <UniqueIdentifier>{f1e9422e-04f0-47d1-a786-55183de8e596}</UniqueIdentifier>
    </Filter>
    <Filter Include="Source Files\mode">
      <UniqueIdentifier>{76d0f9c1-9c42-43d4-a91a-2a4d7dd234e9}</UniqueIdentifier>
    </Filter>
    <Filter Include="Source Files\debugView">
      <UniqueIdentifier>{3764723d-5e65-4b9a-840f-42d4cc026202}</UniqueIdentifier>
    </Filter>
  </ItemGroup>
  <ItemGroup>
    <ClCompile Include="..\src\TouchEverythingApp.cpp">
      <Filter>Source Files</Filter>
    </ClCompile>
    <ClCompile Include="..\src\TouchEverythingApp.cpp">
      <Filter>Source Files</Filter>
    </ClCompile>
    <ClInclude Include="..\include\Resources.h">
      <Filter>Header Files</Filter>
    </ClInclude>
    <ClCompile Include="..\src\leap\LeapController.cpp">
      <Filter>Source Files\leap</Filter>
    </ClCompile>
    <ClCompile Include="..\blocks\LeapMotion\src\Cinder-LeapMotion.cpp">
      <Filter>blocks\Leap-Motion</Filter>
    </ClCompile>
    <ClCompile Include="..\src\buttons\Button.cpp">
      <Filter>Source Files\buttons</Filter>
    </ClCompile>
    <ClCompile Include="..\src\leap\gesture\TapGesture.cpp">
      <Filter>Source Files\leap\gesture</Filter>
    </ClCompile>
    <ClCompile Include="..\src\virtualKeyboard\VirtualKeyboard.cpp">
      <Filter>Source Files\virtualKeyboard</Filter>
    </ClCompile>
    <ClCompile Include="..\src\debugView\DebugView.cpp">
      <Filter>Source Files\debugView</Filter>
    </ClCompile>
  </ItemGroup>
  <ItemGroup>
    <ClInclude Include="..\include\Resources.h">
      <Filter>Header Files</Filter>
    </ClInclude>
    <ClInclude Include="..\src\leap\LeapController.h">
      <Filter>Source Files\leap</Filter>
    </ClInclude>
    <ClInclude Include="..\blocks\LeapMotion\src\Cinder-LeapMotion.h">
      <Filter>blocks\Leap-Motion</Filter>
    </ClInclude>
    <ClInclude Include="..\blocks\LeapMotion\src\Leap.h">
      <Filter>blocks\Leap-Motion</Filter>
    </ClInclude>
    <ClInclude Include="..\blocks\LeapMotion\src\LeapMath.h">
      <Filter>blocks\Leap-Motion</Filter>
    </ClInclude>
    <ClInclude Include="..\src\utils\StringTools.h">
      <Filter>Source Files\utils</Filter>
    </ClInclude>
    <ClInclude Include="..\src\utils\TextTools.h">
      <Filter>Source Files\utils</Filter>
    </ClInclude>
    <ClInclude Include="..\src\buttons\Button.h">
      <Filter>Source Files\buttons</Filter>
    </ClInclude>
    <ClInclude Include="..\src\leap\gesture\TapGesture.h">
      <Filter>Source Files\leap\gesture</Filter>
    </ClInclude>
    <ClInclude Include="..\src\virtualKeyboard\VirtualKeyboard.h">
      <Filter>Source Files\virtualKeyboard</Filter>
    </ClInclude>
    <ClInclude Include="..\src\mode\TouchKeyboard.h">
      <Filter>Source Files\mode</Filter>
    </ClInclude>
    <ClInclude Include="..\src\mode\TouchText.h">
      <Filter>Source Files\mode</Filter>
    </ClInclude>
    <ClInclude Include="..\src\mode\TouchImage.h">
      <Filter>Source Files\mode</Filter>
    </ClInclude>
    <ClInclude Include="..\src\mode\ITouchViewOnGrid.h">
      <Filter>Source Files\mode</Filter>
    </ClInclude>
    <ClInclude Include="..\src\mode\TouchViewOnGrid.h">
      <Filter>Source Files\mode</Filter>
    </ClInclude>
    <ClInclude Include="..\src\utils\MathTools.h">
      <Filter>Source Files\utils</Filter>
    </ClInclude>
    <ClInclude Include="..\src\utils\DrawTools.h">
      <Filter>Source Files\utils</Filter>
    </ClInclude>
    <ClInclude Include="..\src\debugView\DebugView.h">
      <Filter>Source Files\debugView</Filter>
    </ClInclude>
  </ItemGroup>
  <ItemGroup>
    <ResourceCompile Include="Resources.rc">
      <Filter>Resource Files</Filter>
    </ResourceCompile>
  </ItemGroup>
</Project>