<?xml version="1.0" encoding="utf-8"?>
<Project ToolsVersion="4.0" xmlns="http://schemas.microsoft.com/developer/msbuild/2003">
  <ItemGroup>
    <Filter Include="Source Files">
      <UniqueIdentifier>{4FC737F1-C7A5-4376-A066-2A32D752A2FF}</UniqueIdentifier>
      <Extensions>cpp;c;cc;cxx;def;odl;idl;hpj;bat;asm;asmx</Extensions>
    </Filter>
    <Filter Include="Header Files">
      <UniqueIdentifier>{93995380-89BD-4b04-88EB-625FBE52EBFB}</UniqueIdentifier>
      <Extensions>h;hpp;hxx;hm;inl;inc;xsd</Extensions>
    </Filter>
    <Filter Include="Resource Files">
      <UniqueIdentifier>{67DA6AB6-F800-4c08-8B7A-83BB121AAD01}</UniqueIdentifier>
      <Extensions>rc;ico;cur;bmp;dlg;rc2;rct;bin;rgs;gif;jpg;jpeg;jpe;resx;tiff;tif;png;wav</Extensions>
    </Filter>
    <Filter Include="Source Files\leap">
      <UniqueIdentifier>{8e71bb9f-51c8-4dc8-beb9-57fdffafd13c}</UniqueIdentifier>
    </Filter>
    <Filter Include="blocks">
      <UniqueIdentifier>{612c9d2d-72db-4114-b8a3-2953ae14901d}</UniqueIdentifier>
    </Filter>
    <Filter Include="blocks\Leap-Motion">
      <UniqueIdentifier>{a4c87452-5d30-42a5-9055-f351b608dc0a}</UniqueIdentifier>
    </Filter>
  </ItemGroup>
  <ItemGroup>
    <ClCompile Include="..\src\TouchEverythingApp.cpp">
      <Filter>Source Files</Filter>
    </ClCompile>
    <ClCompile Include="..\src\TouchEverythingApp.cpp">
      <Filter>Source Files</Filter>
    </ClCompile>
    <ClInclude Include="..\include\Resources.h">
      <Filter>Header Files</Filter>
    </ClInclude>
    <ClCompile Include="..\src\leap\LeapController.cpp">
      <Filter>Source Files\leap</Filter>
    </ClCompile>
    <ClCompile Include="..\blocks\LeapMotion\src\Cinder-LeapMotion.cpp">
      <Filter>blocks\Leap-Motion</Filter>
    </ClCompile>
    <ClCompile Include="..\src\Utils.cpp">
      <Filter>Source Files</Filter>
    </ClCompile>
    <ClCompile Include="..\src\VirtualKeyboard.cpp">
      <Filter>Source Files</Filter>
    </ClCompile>
    <ClCompile Include="..\src\Button.cpp">
      <Filter>Source Files</Filter>
    </ClCompile>
    <ClCompile Include="..\src\AssetsManager.cpp">
      <Filter>Source Files</Filter>
    </ClCompile>
    <ClCompile Include="..\src\TapGesture.cpp">
      <Filter>Source Files</Filter>
    </ClCompile>
  </ItemGroup>
  <ItemGroup>
    <ClInclude Include="..\include\Resources.h">
      <Filter>Header Files</Filter>
    </ClInclude>
    <ClInclude Include="..\src\leap\LeapController.h">
      <Filter>Source Files\leap</Filter>
    </ClInclude>
    <ClInclude Include="..\blocks\LeapMotion\src\Cinder-LeapMotion.h">
      <Filter>blocks\Leap-Motion</Filter>
    </ClInclude>
    <ClInclude Include="..\blocks\LeapMotion\src\Leap.h">
      <Filter>blocks\Leap-Motion</Filter>
    </ClInclude>
    <ClInclude Include="..\blocks\LeapMotion\src\LeapMath.h">
      <Filter>blocks\Leap-Motion</Filter>
    </ClInclude>
    <ClInclude Include="..\src\Utils.h">
      <Filter>Source Files</Filter>
    </ClInclude>
    <ClInclude Include="..\src\VirtualKeyboard.h">
      <Filter>Source Files</Filter>
    </ClInclude>
    <ClInclude Include="..\src\Button.h">
      <Filter>Source Files</Filter>
    </ClInclude>
    <ClInclude Include="..\src\AssetsManager.h">
      <Filter>Source Files</Filter>
    </ClInclude>
    <ClInclude Include="..\src\TapGesture.h">
      <Filter>Source Files</Filter>
    </ClInclude>
  </ItemGroup>
  <ItemGroup>
    <ResourceCompile Include="Resources.rc">
      <Filter>Resource Files</Filter>
    </ResourceCompile>
  </ItemGroup>
</Project>